PODS:
  - NWWebSocket (0.5.2)
  - PusherSwift (10.0.0):
    - NWWebSocket (~> 0.5.2)
    - TweetNacl (~> 1.0.0)
  - TweetNacl (1.0.2)

DEPENDENCIES:
  - PusherSwift

SPEC REPOS:
  trunk:
    - NWWebSocket
    - PusherSwift
    - TweetNacl

SPEC CHECKSUMS:
  NWWebSocket: 21f0c73639815da3272862c912275b26102aa80c
  PusherSwift: 264eaceb921a5f8e166f01a2242371179540c7ff
  TweetNacl: 3abf4d1d2082b0114e7a67410e300892448951e6

PODFILE CHECKSUM: 040108becfa62c866765c3b06c472ca32b14ac47

COCOAPODS: 1.10.0
